{
  "lockfile-version": 1,
  "manifest": {
    "version": 1,
    "install": {
      "claude-code": {
        "pkg-path": "claude-code",
        "version": "^2.0.76"
      },
      "gh": {
        "pkg-path": "gh",
        "version": "^2.83.2"
      },
      "go": {
        "pkg-path": "go",
        "version": "^1.25.4"
      },
      "golangci-lint": {
        "pkg-path": "golangci-lint",
        "version": "^2.7.2"
      },
      "markdownlint-cli2": {
        "pkg-path": "markdownlint-cli2",
        "version": "0.18.1"
      },
      "mockgen": {
        "pkg-path": "mockgen",
        "version": "0.6.0"
      },
      "prettier": {
        "pkg-path": "prettier",
        "version": "3.6.2"
      }
    },
    "hook": {
      "on-activate": "  export GOENV=\"$FLOX_ENV_CACHE/goenv\"\n  go get .\n\n  echo \"Installing infer CLI...\"\n  curl -fsSL https://raw.githubusercontent.com/inference-gateway/cli/main/install.sh | bash -s -- --install-dir \"$FLOX_ENV_CACHE/bin\"\n  export PATH=\"$FLOX_ENV_CACHE/bin:$PATH\"\n  echo \"✓ infer CLI installed successfully\"\n"
    },
    "options": {}
  },
  "packages": [
    {
      "attr_path": "claude-code",
      "broken": false,
      "derivation": "/nix/store/mhfj4qzf10fv2jv9njf0b4jpp7inx6k2-claude-code-2.0.76.drv",
      "description": "Agentic coding tool that lives in your terminal, understands your codebase, and helps you code faster",
      "install_id": "claude-code",
      "license": "Unfree",
      "locked_url": "https://github.com/flox/nixpkgs?rev=c0b0e0fddf73fd517c3471e546c0df87a42d53f4",
      "name": "claude-code-2.0.76",
      "pname": "claude-code",
      "rev": "c0b0e0fddf73fd517c3471e546c0df87a42d53f4",
      "rev_count": 917670,
      "rev_date": "2025-12-28T06:08:05Z",
      "scrape_date": "2025-12-29T03:02:38.420390Z",
      "stabilities": [
        "unstable"
      ],
      "unfree": true,
      "version": "2.0.76",
      "outputs_to_install": [
        "out"
      ],
      "outputs": {
        "out": "/nix/store/x9y8cms1gm1sk9vjcqgf40yk9y13qa77-claude-code-2.0.76"
      },
      "system": "aarch64-darwin",
      "group": "toplevel",
      "priority": 5
    },
    {
      "attr_path": "claude-code",
      "broken": false,
      "derivation": "/nix/store/mrdvhrl2yfsd6f6cqsnrv9xcck81hxc9-claude-code-2.0.76.drv",
      "description": "Agentic coding tool that lives in your terminal, understands your codebase, and helps you code faster",
      "install_id": "claude-code",
      "license": "Unfree",
      "locked_url": "https://github.com/flox/nixpkgs?rev=c0b0e0fddf73fd517c3471e546c0df87a42d53f4",
      "name": "claude-code-2.0.76",
      "pname": "claude-code",
      "rev": "c0b0e0fddf73fd517c3471e546c0df87a42d53f4",
      "rev_count": 917670,
      "rev_date": "2025-12-28T06:08:05Z",
      "scrape_date": "2025-12-29T03:18:00.849905Z",
      "stabilities": [
        "unstable"
      ],
      "unfree": true,
      "version": "2.0.76",
      "outputs_to_install": [
        "out"
      ],
      "outputs": {
        "out": "/nix/store/1g9prcgxkbi9aw76ym1ygwmv7bldifz4-claude-code-2.0.76"
      },
      "system": "aarch64-linux",
      "group": "toplevel",
      "priority": 5
    },
    {
      "attr_path": "claude-code",
      "broken": false,
      "derivation": "/nix/store/h9lpg0hdb28z4byx51n5vycv5f4rq7xy-claude-code-2.0.76.drv",
      "description": "Agentic coding tool that lives in your terminal, understands your codebase, and helps you code faster",
      "install_id": "claude-code",
      "license": "Unfree",
      "locked_url": "https://github.com/flox/nixpkgs?rev=c0b0e0fddf73fd517c3471e546c0df87a42d53f4",
      "name": "claude-code-2.0.76",
      "pname": "claude-code",
      "rev": "c0b0e0fddf73fd517c3471e546c0df87a42d53f4",
      "rev_count": 917670,
      "rev_date": "2025-12-28T06:08:05Z",
      "scrape_date": "2025-12-29T03:34:53.660213Z",
      "stabilities": [
        "unstable"
      ],
      "unfree": true,
      "version": "2.0.76",
      "outputs_to_install": [
        "out"
      ],
      "outputs": {
        "out": "/nix/store/0vqxdvk72pimgpzqlp95dgla3idld3ks-claude-code-2.0.76"
      },
      "system": "x86_64-darwin",
      "group": "toplevel",
      "priority": 5
    },
    {
      "attr_path": "claude-code",
      "broken": false,
      "derivation": "/nix/store/1wk6c1wjmc2nx6n3ii7sbscx4qpca955-claude-code-2.0.76.drv",
      "description": "Agentic coding tool that lives in your terminal, understands your codebase, and helps you code faster",
      "install_id": "claude-code",
      "license": "Unfree",
      "locked_url": "https://github.com/flox/nixpkgs?rev=c0b0e0fddf73fd517c3471e546c0df87a42d53f4",
      "name": "claude-code-2.0.76",
      "pname": "claude-code",
      "rev": "c0b0e0fddf73fd517c3471e546c0df87a42d53f4",
      "rev_count": 917670,
      "rev_date": "2025-12-28T06:08:05Z",
      "scrape_date": "2025-12-29T03:50:18.427137Z",
      "stabilities": [
        "unstable"
      ],
      "unfree": true,
      "version": "2.0.76",
      "outputs_to_install": [
        "out"
      ],
      "outputs": {
        "out": "/nix/store/vmmvfrvjnhyip979rfbr3h21sickgh3a-claude-code-2.0.76"
      },
      "system": "x86_64-linux",
      "group": "toplevel",
      "priority": 5
    },
    {
      "attr_path": "gh",
      "broken": false,
      "derivation": "/nix/store/pq71px0q7ffiw9py1yv06vsdg5vna28k-gh-2.83.2.drv",
      "description": "GitHub CLI tool",
      "install_id": "gh",
      "license": "MIT",
      "locked_url": "https://github.com/flox/nixpkgs?rev=c0b0e0fddf73fd517c3471e546c0df87a42d53f4",
      "name": "gh-2.83.2",
      "pname": "gh",
      "rev": "c0b0e0fddf73fd517c3471e546c0df87a42d53f4",
      "rev_count": 917670,
      "rev_date": "2025-12-28T06:08:05Z",
      "scrape_date": "2025-12-29T03:02:39.145636Z",
      "stabilities": [
        "unstable"
      ],
      "unfree": false,
      "version": "2.83.2",
      "outputs_to_install": [
        "out"
      ],
      "outputs": {
        "out": "/nix/store/v09g9zh0bwfjrfcq81k167jk8fnaql4x-gh-2.83.2"
      },
      "system": "aarch64-darwin",
      "group": "toplevel",
      "priority": 5
    },
    {
      "attr_path": "gh",
      "broken": false,
      "derivation": "/nix/store/ixcdwldr265f6w3f1mz4vhrili4illgr-gh-2.83.2.drv",
      "description": "GitHub CLI tool",
      "install_id": "gh",
      "license": "MIT",
      "locked_url": "https://github.com/flox/nixpkgs?rev=c0b0e0fddf73fd517c3471e546c0df87a42d53f4",
      "name": "gh-2.83.2",
      "pname": "gh",
      "rev": "c0b0e0fddf73fd517c3471e546c0df87a42d53f4",
      "rev_count": 917670,
      "rev_date": "2025-12-28T06:08:05Z",
      "scrape_date": "2025-12-29T03:18:01.996756Z",
      "stabilities": [
        "unstable"
      ],
      "unfree": false,
      "version": "2.83.2",
      "outputs_to_install": [
        "out"
      ],
      "outputs": {
        "out": "/nix/store/8a3gc9smfgmimvvsgjncij1p3hrkbycq-gh-2.83.2"
      },
      "system": "aarch64-linux",
      "group": "toplevel",
      "priority": 5
    },
    {
      "attr_path": "gh",
      "broken": false,
      "derivation": "/nix/store/390l3ygqwmn5xh7aq08nsyspz0821z9h-gh-2.83.2.drv",
      "description": "GitHub CLI tool",
      "install_id": "gh",
      "license": "MIT",
      "locked_url": "https://github.com/flox/nixpkgs?rev=c0b0e0fddf73fd517c3471e546c0df87a42d53f4",
      "name": "gh-2.83.2",
      "pname": "gh",
      "rev": "c0b0e0fddf73fd517c3471e546c0df87a42d53f4",
      "rev_count": 917670,
      "rev_date": "2025-12-28T06:08:05Z",
      "scrape_date": "2025-12-29T03:34:54.413838Z",
      "stabilities": [
        "unstable"
      ],
      "unfree": false,
      "version": "2.83.2",
      "outputs_to_install": [
        "out"
      ],
      "outputs": {
        "out": "/nix/store/cc4glclba1gffbxddd8vyyh8k69c145w-gh-2.83.2"
      },
      "system": "x86_64-darwin",
      "group": "toplevel",
      "priority": 5
    },
    {
      "attr_path": "gh",
      "broken": false,
      "derivation": "/nix/store/agqv8nm0xfbydqcbdxgnx9zg5nkw66hz-gh-2.83.2.drv",
      "description": "GitHub CLI tool",
      "install_id": "gh",
      "license": "MIT",
      "locked_url": "https://github.com/flox/nixpkgs?rev=c0b0e0fddf73fd517c3471e546c0df87a42d53f4",
      "name": "gh-2.83.2",
      "pname": "gh",
      "rev": "c0b0e0fddf73fd517c3471e546c0df87a42d53f4",
      "rev_count": 917670,
      "rev_date": "2025-12-28T06:08:05Z",
      "scrape_date": "2025-12-29T03:50:19.746078Z",
      "stabilities": [
        "unstable"
      ],
      "unfree": false,
      "version": "2.83.2",
      "outputs_to_install": [
        "out"
      ],
      "outputs": {
        "out": "/nix/store/1ga8sgks3i0iwdl33aazgql8gfsxnqjc-gh-2.83.2"
      },
      "system": "x86_64-linux",
      "group": "toplevel",
      "priority": 5
    },
    {
      "attr_path": "go",
      "broken": false,
      "derivation": "/nix/store/zaq4xq9hw1b7a4azgghhh07cpc1ynmin-go-1.25.4.drv",
      "description": "Go Programming language",
      "install_id": "go",
      "license": "BSD-3-Clause",
      "locked_url": "https://github.com/flox/nixpkgs?rev=c0b0e0fddf73fd517c3471e546c0df87a42d53f4",
      "name": "go-1.25.4",
      "pname": "go",
      "rev": "c0b0e0fddf73fd517c3471e546c0df87a42d53f4",
      "rev_count": 917670,
      "rev_date": "2025-12-28T06:08:05Z",
      "scrape_date": "2025-12-29T03:02:39.290078Z",
      "stabilities": [
        "unstable"
      ],
      "unfree": false,
      "version": "1.25.4",
      "outputs_to_install": [
        "out"
      ],
      "outputs": {
        "out": "/nix/store/52f5kjcmgmvgrz3rij676b3rjmgg5l5g-go-1.25.4"
      },
      "system": "aarch64-darwin",
      "group": "toplevel",
      "priority": 5
    },
    {
      "attr_path": "go",
      "broken": false,
      "derivation": "/nix/store/hf3knc631mw1pq84qv1hk5jvs467k1v4-go-1.25.4.drv",
      "description": "Go Programming language",
      "install_id": "go",
      "license": "BSD-3-Clause",
      "locked_url": "https://github.com/flox/nixpkgs?rev=c0b0e0fddf73fd517c3471e546c0df87a42d53f4",
      "name": "go-1.25.4",
      "pname": "go",
      "rev": "c0b0e0fddf73fd517c3471e546c0df87a42d53f4",
      "rev_count": 917670,
      "rev_date": "2025-12-28T06:08:05Z",
      "scrape_date": "2025-12-29T03:18:02.886715Z",
      "stabilities": [
        "unstable"
      ],
      "unfree": false,
      "version": "1.25.4",
      "outputs_to_install": [
        "out"
      ],
      "outputs": {
        "out": "/nix/store/2ajrlmz1qdpm9k9ankhnp3973wxg1gqs-go-1.25.4"
      },
      "system": "aarch64-linux",
      "group": "toplevel",
      "priority": 5
    },
    {
      "attr_path": "go",
      "broken": false,
      "derivation": "/nix/store/4bmjpvr4w7cw86fqwi1fcm3dq8z2d5pp-go-1.25.4.drv",
      "description": "Go Programming language",
      "install_id": "go",
      "license": "BSD-3-Clause",
      "locked_url": "https://github.com/flox/nixpkgs?rev=c0b0e0fddf73fd517c3471e546c0df87a42d53f4",
      "name": "go-1.25.4",
      "pname": "go",
      "rev": "c0b0e0fddf73fd517c3471e546c0df87a42d53f4",
      "rev_count": 917670,
      "rev_date": "2025-12-28T06:08:05Z",
      "scrape_date": "2025-12-29T03:34:54.593400Z",
      "stabilities": [
        "unstable"
      ],
      "unfree": false,
      "version": "1.25.4",
      "outputs_to_install": [
        "out"
      ],
      "outputs": {
        "out": "/nix/store/1rqpvp45rl4sr1l0czrlbmv8jqj9sa7r-go-1.25.4"
      },
      "system": "x86_64-darwin",
      "group": "toplevel",
      "priority": 5
    },
    {
      "attr_path": "go",
      "broken": false,
      "derivation": "/nix/store/zgcfmmah54wp3d2ln1wh9f8ykh4pp8xc-go-1.25.4.drv",
      "description": "Go Programming language",
      "install_id": "go",
      "license": "BSD-3-Clause",
      "locked_url": "https://github.com/flox/nixpkgs?rev=c0b0e0fddf73fd517c3471e546c0df87a42d53f4",
      "name": "go-1.25.4",
      "pname": "go",
      "rev": "c0b0e0fddf73fd517c3471e546c0df87a42d53f4",
      "rev_count": 917670,
      "rev_date": "2025-12-28T06:08:05Z",
      "scrape_date": "2025-12-29T03:50:20.429117Z",
      "stabilities": [
        "unstable"
      ],
      "unfree": false,
      "version": "1.25.4",
      "outputs_to_install": [
        "out"
      ],
      "outputs": {
        "out": "/nix/store/0a3dyfq09dnkw28ap2i450wjimvdmv6s-go-1.25.4"
      },
      "system": "x86_64-linux",
      "group": "toplevel",
      "priority": 5
    },
    {
      "attr_path": "golangci-lint",
      "broken": false,
      "derivation": "/nix/store/h6hmls6bhy0an6dc8jnnywdp56hyymcw-golangci-lint-2.7.2.drv",
      "description": "Fast linters Runner for Go",
      "install_id": "golangci-lint",
      "license": "GPL-3.0-or-later",
      "locked_url": "https://github.com/flox/nixpkgs?rev=c0b0e0fddf73fd517c3471e546c0df87a42d53f4",
      "name": "golangci-lint-2.7.2",
      "pname": "golangci-lint",
      "rev": "c0b0e0fddf73fd517c3471e546c0df87a42d53f4",
      "rev_count": 917670,
      "rev_date": "2025-12-28T06:08:05Z",
      "scrape_date": "2025-12-29T03:02:39.350318Z",
      "stabilities": [
        "unstable"
      ],
      "unfree": false,
      "version": "2.7.2",
      "outputs_to_install": [
        "out"
      ],
      "outputs": {
        "out": "/nix/store/q3a6xszcxa3rcaq2xa5hli5ynsw9p2xj-golangci-lint-2.7.2"
      },
      "system": "aarch64-darwin",
      "group": "toplevel",
      "priority": 5
    },
    {
      "attr_path": "golangci-lint",
      "broken": false,
      "derivation": "/nix/store/j62j0p76bsd3qxblg777ck3vhffpwijk-golangci-lint-2.7.2.drv",
      "description": "Fast linters Runner for Go",
      "install_id": "golangci-lint",
      "license": "GPL-3.0-or-later",
      "locked_url": "https://github.com/flox/nixpkgs?rev=c0b0e0fddf73fd517c3471e546c0df87a42d53f4",
      "name": "golangci-lint-2.7.2",
      "pname": "golangci-lint",
      "rev": "c0b0e0fddf73fd517c3471e546c0df87a42d53f4",
      "rev_count": 917670,
      "rev_date": "2025-12-28T06:08:05Z",
      "scrape_date": "2025-12-29T03:18:02.972469Z",
      "stabilities": [
        "unstable"
      ],
      "unfree": false,
      "version": "2.7.2",
      "outputs_to_install": [
        "out"
      ],
      "outputs": {
        "out": "/nix/store/26ckbfx1m91f1ix7x1v8zckvnccvf03g-golangci-lint-2.7.2"
      },
      "system": "aarch64-linux",
      "group": "toplevel",
      "priority": 5
    },
    {
      "attr_path": "golangci-lint",
      "broken": false,
      "derivation": "/nix/store/w3ilgwgv52rh1q2xiqg0j68ask5pv4yy-golangci-lint-2.7.2.drv",
      "description": "Fast linters Runner for Go",
      "install_id": "golangci-lint",
      "license": "GPL-3.0-or-later",
      "locked_url": "https://github.com/flox/nixpkgs?rev=c0b0e0fddf73fd517c3471e546c0df87a42d53f4",
      "name": "golangci-lint-2.7.2",
      "pname": "golangci-lint",
      "rev": "c0b0e0fddf73fd517c3471e546c0df87a42d53f4",
      "rev_count": 917670,
      "rev_date": "2025-12-28T06:08:05Z",
      "scrape_date": "2025-12-29T03:34:54.642695Z",
      "stabilities": [
        "unstable"
      ],
      "unfree": false,
      "version": "2.7.2",
      "outputs_to_install": [
        "out"
      ],
      "outputs": {
        "out": "/nix/store/4ngz15pamb1mvbgk8vqsdc7am0sm3nfl-golangci-lint-2.7.2"
      },
      "system": "x86_64-darwin",
      "group": "toplevel",
      "priority": 5
    },
    {
      "attr_path": "golangci-lint",
      "broken": false,
      "derivation": "/nix/store/5dicahp4k4657qqpdy6rg9kx9pnxdw7j-golangci-lint-2.7.2.drv",
      "description": "Fast linters Runner for Go",
      "install_id": "golangci-lint",
      "license": "GPL-3.0-or-later",
      "locked_url": "https://github.com/flox/nixpkgs?rev=c0b0e0fddf73fd517c3471e546c0df87a42d53f4",
      "name": "golangci-lint-2.7.2",
      "pname": "golangci-lint",
      "rev": "c0b0e0fddf73fd517c3471e546c0df87a42d53f4",
      "rev_count": 917670,
      "rev_date": "2025-12-28T06:08:05Z",
      "scrape_date": "2025-12-29T03:50:20.519278Z",
      "stabilities": [
        "unstable"
      ],
      "unfree": false,
      "version": "2.7.2",
      "outputs_to_install": [
        "out"
      ],
      "outputs": {
        "out": "/nix/store/20pjxaqyh10abjhc0by39q7rv3frmx1j-golangci-lint-2.7.2"
      },
      "system": "x86_64-linux",
      "group": "toplevel",
      "priority": 5
    },
    {
      "attr_path": "markdownlint-cli2",
      "broken": false,
      "derivation": "/nix/store/3j1x1ick532i0kk9lr30pkc08y3caldr-markdownlint-cli2-0.18.1.drv",
      "description": "Fast, flexible, configuration-based command-line interface for linting Markdown/CommonMark files with the markdownlint library",
      "install_id": "markdownlint-cli2",
      "license": "MIT",
      "locked_url": "https://github.com/flox/nixpkgs?rev=c0b0e0fddf73fd517c3471e546c0df87a42d53f4",
      "name": "markdownlint-cli2-0.18.1",
      "pname": "markdownlint-cli2",
      "rev": "c0b0e0fddf73fd517c3471e546c0df87a42d53f4",
      "rev_count": 917670,
      "rev_date": "2025-12-28T06:08:05Z",
      "scrape_date": "2025-12-29T03:02:57.773225Z",
      "stabilities": [
        "unstable"
      ],
      "unfree": false,
      "version": "0.18.1",
      "outputs_to_install": [
        "out"
      ],
      "outputs": {
        "out": "/nix/store/7siafnyzrfq6ki0qwa79h0c7g0h9xkkx-markdownlint-cli2-0.18.1"
      },
      "system": "aarch64-darwin",
      "group": "toplevel",
      "priority": 5
    },
    {
      "attr_path": "markdownlint-cli2",
      "broken": false,
      "derivation": "/nix/store/srw5jiybh2pi55n6ck747q2vscvqhbdq-markdownlint-cli2-0.18.1.drv",
      "description": "Fast, flexible, configuration-based command-line interface for linting Markdown/CommonMark files with the markdownlint library",
      "install_id": "markdownlint-cli2",
      "license": "MIT",
      "locked_url": "https://github.com/flox/nixpkgs?rev=c0b0e0fddf73fd517c3471e546c0df87a42d53f4",
      "name": "markdownlint-cli2-0.18.1",
      "pname": "markdownlint-cli2",
      "rev": "c0b0e0fddf73fd517c3471e546c0df87a42d53f4",
      "rev_count": 917670,
      "rev_date": "2025-12-28T06:08:05Z",
      "scrape_date": "2025-12-29T03:18:33.694619Z",
      "stabilities": [
        "unstable"
      ],
      "unfree": false,
      "version": "0.18.1",
      "outputs_to_install": [
        "out"
      ],
      "outputs": {
        "out": "/nix/store/yg2gmljd4bzd7qsbxkxp5gmz9lli6jg9-markdownlint-cli2-0.18.1"
      },
      "system": "aarch64-linux",
      "group": "toplevel",
      "priority": 5
    },
    {
      "attr_path": "markdownlint-cli2",
      "broken": false,
      "derivation": "/nix/store/xmbxl0ciyl3cj3lzin5hlh5c4dpjz5i4-markdownlint-cli2-0.18.1.drv",
      "description": "Fast, flexible, configuration-based command-line interface for linting Markdown/CommonMark files with the markdownlint library",
      "install_id": "markdownlint-cli2",
      "license": "MIT",
      "locked_url": "https://github.com/flox/nixpkgs?rev=c0b0e0fddf73fd517c3471e546c0df87a42d53f4",
      "name": "markdownlint-cli2-0.18.1",
      "pname": "markdownlint-cli2",
      "rev": "c0b0e0fddf73fd517c3471e546c0df87a42d53f4",
      "rev_count": 917670,
      "rev_date": "2025-12-28T06:08:05Z",
      "scrape_date": "2025-12-29T03:35:15.212338Z",
      "stabilities": [
        "unstable"
      ],
      "unfree": false,
      "version": "0.18.1",
      "outputs_to_install": [
        "out"
      ],
      "outputs": {
        "out": "/nix/store/q7h437plnm4phq9v4fj79flkrfwii42i-markdownlint-cli2-0.18.1"
      },
      "system": "x86_64-darwin",
      "group": "toplevel",
      "priority": 5
    },
    {
      "attr_path": "markdownlint-cli2",
      "broken": false,
      "derivation": "/nix/store/l7xr8a71zy00lrqc95kjnf6cil9knf10-markdownlint-cli2-0.18.1.drv",
      "description": "Fast, flexible, configuration-based command-line interface for linting Markdown/CommonMark files with the markdownlint library",
      "install_id": "markdownlint-cli2",
      "license": "MIT",
      "locked_url": "https://github.com/flox/nixpkgs?rev=c0b0e0fddf73fd517c3471e546c0df87a42d53f4",
      "name": "markdownlint-cli2-0.18.1",
      "pname": "markdownlint-cli2",
      "rev": "c0b0e0fddf73fd517c3471e546c0df87a42d53f4",
      "rev_count": 917670,
      "rev_date": "2025-12-28T06:08:05Z",
      "scrape_date": "2025-12-29T03:50:53.342788Z",
      "stabilities": [
        "unstable"
      ],
      "unfree": false,
      "version": "0.18.1",
      "outputs_to_install": [
        "out"
      ],
      "outputs": {
        "out": "/nix/store/jyfhkhv3ij5lnx1sbjhfcizcz76lbbmd-markdownlint-cli2-0.18.1"
      },
      "system": "x86_64-linux",
      "group": "toplevel",
      "priority": 5
    },
    {
      "attr_path": "mockgen",
      "broken": false,
      "derivation": "/nix/store/rccqpsh6ifib5zm2v83nnsy73bhawcz6-mockgen-0.6.0.drv",
      "description": "Mocking framework for the Go programming language",
      "install_id": "mockgen",
      "license": "Apache-2.0",
      "locked_url": "https://github.com/flox/nixpkgs?rev=c0b0e0fddf73fd517c3471e546c0df87a42d53f4",
      "name": "mockgen-0.6.0",
      "pname": "mockgen",
      "rev": "c0b0e0fddf73fd517c3471e546c0df87a42d53f4",
      "rev_count": 917670,
      "rev_date": "2025-12-28T06:08:05Z",
      "scrape_date": "2025-12-29T03:02:58.395620Z",
      "stabilities": [
        "unstable"
      ],
      "unfree": false,
      "version": "0.6.0",
      "outputs_to_install": [
        "out"
      ],
      "outputs": {
        "out": "/nix/store/3gnz0jdb78w2m0ps8i27hay62wbb3dsc-mockgen-0.6.0"
      },
      "system": "aarch64-darwin",
      "group": "toplevel",
      "priority": 5
    },
    {
      "attr_path": "mockgen",
      "broken": false,
      "derivation": "/nix/store/3zba4x8gvpbz2mza2lnk8dlhyc2k1b8q-mockgen-0.6.0.drv",
      "description": "Mocking framework for the Go programming language",
      "install_id": "mockgen",
      "license": "Apache-2.0",
      "locked_url": "https://github.com/flox/nixpkgs?rev=c0b0e0fddf73fd517c3471e546c0df87a42d53f4",
      "name": "mockgen-0.6.0",
      "pname": "mockgen",
      "rev": "c0b0e0fddf73fd517c3471e546c0df87a42d53f4",
      "rev_count": 917670,
      "rev_date": "2025-12-28T06:08:05Z",
      "scrape_date": "2025-12-29T03:18:34.937443Z",
      "stabilities": [
        "unstable"
      ],
      "unfree": false,
      "version": "0.6.0",
      "outputs_to_install": [
        "out"
      ],
      "outputs": {
        "out": "/nix/store/2lbaspgkv59y2ah42r25nqp6q9kbldsc-mockgen-0.6.0"
      },
      "system": "aarch64-linux",
      "group": "toplevel",
      "priority": 5
    },
    {
      "attr_path": "mockgen",
      "broken": false,
      "derivation": "/nix/store/4d3gxc4582xpgvvx4ywnqrniq18wxcs9-mockgen-0.6.0.drv",
      "description": "Mocking framework for the Go programming language",
      "install_id": "mockgen",
      "license": "Apache-2.0",
      "locked_url": "https://github.com/flox/nixpkgs?rev=c0b0e0fddf73fd517c3471e546c0df87a42d53f4",
      "name": "mockgen-0.6.0",
      "pname": "mockgen",
      "rev": "c0b0e0fddf73fd517c3471e546c0df87a42d53f4",
      "rev_count": 917670,
      "rev_date": "2025-12-28T06:08:05Z",
      "scrape_date": "2025-12-29T03:35:15.888971Z",
      "stabilities": [
        "unstable"
      ],
      "unfree": false,
      "version": "0.6.0",
      "outputs_to_install": [
        "out"
      ],
      "outputs": {
        "out": "/nix/store/q56y5f2ydksa1b9r7692avn8r3wfmhlg-mockgen-0.6.0"
      },
      "system": "x86_64-darwin",
      "group": "toplevel",
      "priority": 5
    },
    {
      "attr_path": "mockgen",
      "broken": false,
      "derivation": "/nix/store/radxf2bs4ay5g3v1ms3silb5l3hdsnbx-mockgen-0.6.0.drv",
      "description": "Mocking framework for the Go programming language",
      "install_id": "mockgen",
      "license": "Apache-2.0",
      "locked_url": "https://github.com/flox/nixpkgs?rev=c0b0e0fddf73fd517c3471e546c0df87a42d53f4",
      "name": "mockgen-0.6.0",
      "pname": "mockgen",
      "rev": "c0b0e0fddf73fd517c3471e546c0df87a42d53f4",
      "rev_count": 917670,
      "rev_date": "2025-12-28T06:08:05Z",
      "scrape_date": "2025-12-29T03:50:54.779267Z",
      "stabilities": [
        "unstable"
      ],
      "unfree": false,
      "version": "0.6.0",
      "outputs_to_install": [
        "out"
      ],
      "outputs": {
        "out": "/nix/store/hm9i9iv2brr3gw5m4lwxy8cx2lm57ncw-mockgen-0.6.0"
      },
      "system": "x86_64-linux",
      "group": "toplevel",
      "priority": 5
    },
    {
      "attr_path": "prettier",
      "broken": false,
      "derivation": "/nix/store/4sy59js8jkvs588c8xq8rr68jf546j9a-prettier-3.6.2.drv",
      "description": "Code formatter",
      "install_id": "prettier",
      "license": "MIT",
      "locked_url": "https://github.com/flox/nixpkgs?rev=c0b0e0fddf73fd517c3471e546c0df87a42d53f4",
      "name": "prettier-3.6.2",
      "pname": "prettier",
      "rev": "c0b0e0fddf73fd517c3471e546c0df87a42d53f4",
      "rev_count": 917670,
      "rev_date": "2025-12-28T06:08:05Z",
      "scrape_date": "2025-12-29T03:03:15.359224Z",
      "stabilities": [
        "unstable"
      ],
      "unfree": false,
      "version": "3.6.2",
      "outputs_to_install": [
        "out"
      ],
      "outputs": {
        "out": "/nix/store/dfcvpnr7kwwsp979lhnd7wwnkgvpwpdc-prettier-3.6.2"
      },
      "system": "aarch64-darwin",
      "group": "toplevel",
      "priority": 5
    },
    {
      "attr_path": "prettier",
      "broken": false,
      "derivation": "/nix/store/2qq0d5scnjg56x1z4isjp85m5zzb46w0-prettier-3.6.2.drv",
      "description": "Code formatter",
      "install_id": "prettier",
      "license": "MIT",
      "locked_url": "https://github.com/flox/nixpkgs?rev=c0b0e0fddf73fd517c3471e546c0df87a42d53f4",
      "name": "prettier-3.6.2",
      "pname": "prettier",
      "rev": "c0b0e0fddf73fd517c3471e546c0df87a42d53f4",
      "rev_count": 917670,
      "rev_date": "2025-12-28T06:08:05Z",
      "scrape_date": "2025-12-29T03:19:01.211913Z",
      "stabilities": [
        "unstable"
      ],
      "unfree": false,
      "version": "3.6.2",
      "outputs_to_install": [
        "out"
      ],
      "outputs": {
        "out": "/nix/store/6jq20bylhhsgvfg8cpla0n1sfipn5fjr-prettier-3.6.2"
      },
      "system": "aarch64-linux",
      "group": "toplevel",
      "priority": 5
    },
    {
      "attr_path": "prettier",
      "broken": false,
      "derivation": "/nix/store/9r6b0kaqwwnji669mw516k8cfgdqmgm7-prettier-3.6.2.drv",
      "description": "Code formatter",
      "install_id": "prettier",
      "license": "MIT",
      "locked_url": "https://github.com/flox/nixpkgs?rev=c0b0e0fddf73fd517c3471e546c0df87a42d53f4",
      "name": "prettier-3.6.2",
      "pname": "prettier",
      "rev": "c0b0e0fddf73fd517c3471e546c0df87a42d53f4",
      "rev_count": 917670,
      "rev_date": "2025-12-28T06:08:05Z",
      "scrape_date": "2025-12-29T03:35:34.089353Z",
      "stabilities": [
        "unstable"
      ],
      "unfree": false,
      "version": "3.6.2",
      "outputs_to_install": [
        "out"
      ],
      "outputs": {
        "out": "/nix/store/gx0ky8rlym7wpqil80l7vxprr4y8vr2g-prettier-3.6.2"
      },
      "system": "x86_64-darwin",
      "group": "toplevel",
      "priority": 5
    },
    {
      "attr_path": "prettier",
      "broken": false,
      "derivation": "/nix/store/hvp643i8m9jn4h8ygnw36h9vakabsazh-prettier-3.6.2.drv",
      "description": "Code formatter",
      "install_id": "prettier",
      "license": "MIT",
      "locked_url": "https://github.com/flox/nixpkgs?rev=c0b0e0fddf73fd517c3471e546c0df87a42d53f4",
      "name": "prettier-3.6.2",
      "pname": "prettier",
      "rev": "c0b0e0fddf73fd517c3471e546c0df87a42d53f4",
      "rev_count": 917670,
      "rev_date": "2025-12-28T06:08:05Z",
      "scrape_date": "2025-12-29T03:51:20.636419Z",
      "stabilities": [
        "unstable"
      ],
      "unfree": false,
      "version": "3.6.2",
      "outputs_to_install": [
        "out"
      ],
      "outputs": {
        "out": "/nix/store/6fcbrdsms2icrx5n840sslqd6nl7zfb7-prettier-3.6.2"
      },
      "system": "x86_64-linux",
      "group": "toplevel",
      "priority": 5
    }
  ]
}
