{
  "lockfile-version": 1,
  "manifest": {
    "version": 1,
    "install": {
      "claude-code": {
        "pkg-path": "claude-code",
        "version": "^2.0.65"
      },
      "gh": {
        "pkg-path": "gh",
        "version": "^2.83.2"
      },
      "go": {
        "pkg-path": "go",
        "version": "^1.25.4"
      },
      "golangci-lint": {
        "pkg-path": "golangci-lint",
        "version": "^2.7.2"
      },
      "markdownlint-cli2": {
        "pkg-path": "markdownlint-cli2",
        "version": "0.18.1"
      },
      "mockgen": {
        "pkg-path": "mockgen",
        "version": "0.6.0"
      },
      "prettier": {
        "pkg-path": "prettier",
        "version": "3.6.2"
      }
    },
    "hook": {
      "on-activate": "  export GOENV=\"$FLOX_ENV_CACHE/goenv\"\n  go get .\n\n  echo \"Installing infer CLI...\"\n  curl -fsSL https://raw.githubusercontent.com/inference-gateway/cli/main/install.sh | bash -s -- --install-dir \"$FLOX_ENV_CACHE/bin\"\n  export PATH=\"$FLOX_ENV_CACHE/bin:$PATH\"\n  echo \"✓ infer CLI installed successfully\"\n"
    },
    "options": {}
  },
  "packages": [
    {
      "attr_path": "claude-code",
      "broken": false,
      "derivation": "/nix/store/8apz7jv3njrk7jbyh66588sbwiajyzma-claude-code-2.0.65.drv",
      "description": "Agentic coding tool that lives in your terminal, understands your codebase, and helps you code faster",
      "install_id": "claude-code",
      "license": "Unfree",
      "locked_url": "https://github.com/flox/nixpkgs?rev=2fbfb1d73d239d2402a8fe03963e37aab15abe8b",
      "name": "claude-code-2.0.65",
      "pname": "claude-code",
      "rev": "2fbfb1d73d239d2402a8fe03963e37aab15abe8b",
      "rev_count": 910362,
      "rev_date": "2025-12-11T16:57:14Z",
      "scrape_date": "2025-12-14T03:01:34.689146Z",
      "stabilities": [
        "unstable"
      ],
      "unfree": true,
      "version": "2.0.65",
      "outputs_to_install": [
        "out"
      ],
      "outputs": {
        "out": "/nix/store/q3vm6z9h553r1ffi8nvims842f5b7jjn-claude-code-2.0.65"
      },
      "system": "aarch64-darwin",
      "group": "toplevel",
      "priority": 5
    },
    {
      "attr_path": "claude-code",
      "broken": false,
      "derivation": "/nix/store/f2w1yxzm1gssdczdnbsv2q46bx5b4k5f-claude-code-2.0.65.drv",
      "description": "Agentic coding tool that lives in your terminal, understands your codebase, and helps you code faster",
      "install_id": "claude-code",
      "license": "Unfree",
      "locked_url": "https://github.com/flox/nixpkgs?rev=2fbfb1d73d239d2402a8fe03963e37aab15abe8b",
      "name": "claude-code-2.0.65",
      "pname": "claude-code",
      "rev": "2fbfb1d73d239d2402a8fe03963e37aab15abe8b",
      "rev_count": 910362,
      "rev_date": "2025-12-11T16:57:14Z",
      "scrape_date": "2025-12-14T03:17:14.458404Z",
      "stabilities": [
        "unstable"
      ],
      "unfree": true,
      "version": "2.0.65",
      "outputs_to_install": [
        "out"
      ],
      "outputs": {
        "out": "/nix/store/pi3d5mgbsdy54wqpsalfkpc6gyw6dczl-claude-code-2.0.65"
      },
      "system": "aarch64-linux",
      "group": "toplevel",
      "priority": 5
    },
    {
      "attr_path": "claude-code",
      "broken": false,
      "derivation": "/nix/store/g4yzv3pda6iv7h3laksybr9xf5l63srr-claude-code-2.0.65.drv",
      "description": "Agentic coding tool that lives in your terminal, understands your codebase, and helps you code faster",
      "install_id": "claude-code",
      "license": "Unfree",
      "locked_url": "https://github.com/flox/nixpkgs?rev=2fbfb1d73d239d2402a8fe03963e37aab15abe8b",
      "name": "claude-code-2.0.65",
      "pname": "claude-code",
      "rev": "2fbfb1d73d239d2402a8fe03963e37aab15abe8b",
      "rev_count": 910362,
      "rev_date": "2025-12-11T16:57:14Z",
      "scrape_date": "2025-12-14T03:34:37.712264Z",
      "stabilities": [
        "unstable"
      ],
      "unfree": true,
      "version": "2.0.65",
      "outputs_to_install": [
        "out"
      ],
      "outputs": {
        "out": "/nix/store/93n421ksqlijw5prwjd4pi8rzxqzcwrn-claude-code-2.0.65"
      },
      "system": "x86_64-darwin",
      "group": "toplevel",
      "priority": 5
    },
    {
      "attr_path": "claude-code",
      "broken": false,
      "derivation": "/nix/store/gn6gpa0v6avxmgr87h3fqc2vby5yq6yl-claude-code-2.0.65.drv",
      "description": "Agentic coding tool that lives in your terminal, understands your codebase, and helps you code faster",
      "install_id": "claude-code",
      "license": "Unfree",
      "locked_url": "https://github.com/flox/nixpkgs?rev=2fbfb1d73d239d2402a8fe03963e37aab15abe8b",
      "name": "claude-code-2.0.65",
      "pname": "claude-code",
      "rev": "2fbfb1d73d239d2402a8fe03963e37aab15abe8b",
      "rev_count": 910362,
      "rev_date": "2025-12-11T16:57:14Z",
      "scrape_date": "2025-12-14T03:50:21.184902Z",
      "stabilities": [
        "unstable"
      ],
      "unfree": true,
      "version": "2.0.65",
      "outputs_to_install": [
        "out"
      ],
      "outputs": {
        "out": "/nix/store/4d2hfs6hn98izs7a5laalfvdyfn6r4y0-claude-code-2.0.65"
      },
      "system": "x86_64-linux",
      "group": "toplevel",
      "priority": 5
    },
    {
      "attr_path": "gh",
      "broken": false,
      "derivation": "/nix/store/hg1dsnpg84pr5idbhsyy85jz3snwlwgd-gh-2.83.2.drv",
      "description": "GitHub CLI tool",
      "install_id": "gh",
      "license": "MIT",
      "locked_url": "https://github.com/flox/nixpkgs?rev=2fbfb1d73d239d2402a8fe03963e37aab15abe8b",
      "name": "gh-2.83.2",
      "pname": "gh",
      "rev": "2fbfb1d73d239d2402a8fe03963e37aab15abe8b",
      "rev_count": 910362,
      "rev_date": "2025-12-11T16:57:14Z",
      "scrape_date": "2025-12-14T03:01:35.426879Z",
      "stabilities": [
        "unstable"
      ],
      "unfree": false,
      "version": "2.83.2",
      "outputs_to_install": [
        "out"
      ],
      "outputs": {
        "out": "/nix/store/v09g9zh0bwfjrfcq81k167jk8fnaql4x-gh-2.83.2"
      },
      "system": "aarch64-darwin",
      "group": "toplevel",
      "priority": 5
    },
    {
      "attr_path": "gh",
      "broken": false,
      "derivation": "/nix/store/ixqbq6g222138d3jidpg10x27y4jmv1j-gh-2.83.2.drv",
      "description": "GitHub CLI tool",
      "install_id": "gh",
      "license": "MIT",
      "locked_url": "https://github.com/flox/nixpkgs?rev=2fbfb1d73d239d2402a8fe03963e37aab15abe8b",
      "name": "gh-2.83.2",
      "pname": "gh",
      "rev": "2fbfb1d73d239d2402a8fe03963e37aab15abe8b",
      "rev_count": 910362,
      "rev_date": "2025-12-11T16:57:14Z",
      "scrape_date": "2025-12-14T03:17:16.216377Z",
      "stabilities": [
        "unstable"
      ],
      "unfree": false,
      "version": "2.83.2",
      "outputs_to_install": [
        "out"
      ],
      "outputs": {
        "out": "/nix/store/8a3gc9smfgmimvvsgjncij1p3hrkbycq-gh-2.83.2"
      },
      "system": "aarch64-linux",
      "group": "toplevel",
      "priority": 5
    },
    {
      "attr_path": "gh",
      "broken": false,
      "derivation": "/nix/store/ar3wkh9s32wbzqpwmf2v43bd1h0lhqxs-gh-2.83.2.drv",
      "description": "GitHub CLI tool",
      "install_id": "gh",
      "license": "MIT",
      "locked_url": "https://github.com/flox/nixpkgs?rev=2fbfb1d73d239d2402a8fe03963e37aab15abe8b",
      "name": "gh-2.83.2",
      "pname": "gh",
      "rev": "2fbfb1d73d239d2402a8fe03963e37aab15abe8b",
      "rev_count": 910362,
      "rev_date": "2025-12-11T16:57:14Z",
      "scrape_date": "2025-12-14T03:34:38.443636Z",
      "stabilities": [
        "unstable"
      ],
      "unfree": false,
      "version": "2.83.2",
      "outputs_to_install": [
        "out"
      ],
      "outputs": {
        "out": "/nix/store/cc4glclba1gffbxddd8vyyh8k69c145w-gh-2.83.2"
      },
      "system": "x86_64-darwin",
      "group": "toplevel",
      "priority": 5
    },
    {
      "attr_path": "gh",
      "broken": false,
      "derivation": "/nix/store/lr5g809zglq68m12bvjh92mb0i68015h-gh-2.83.2.drv",
      "description": "GitHub CLI tool",
      "install_id": "gh",
      "license": "MIT",
      "locked_url": "https://github.com/flox/nixpkgs?rev=2fbfb1d73d239d2402a8fe03963e37aab15abe8b",
      "name": "gh-2.83.2",
      "pname": "gh",
      "rev": "2fbfb1d73d239d2402a8fe03963e37aab15abe8b",
      "rev_count": 910362,
      "rev_date": "2025-12-11T16:57:14Z",
      "scrape_date": "2025-12-14T03:50:22.457002Z",
      "stabilities": [
        "unstable"
      ],
      "unfree": false,
      "version": "2.83.2",
      "outputs_to_install": [
        "out"
      ],
      "outputs": {
        "out": "/nix/store/1ga8sgks3i0iwdl33aazgql8gfsxnqjc-gh-2.83.2"
      },
      "system": "x86_64-linux",
      "group": "toplevel",
      "priority": 5
    },
    {
      "attr_path": "go",
      "broken": false,
      "derivation": "/nix/store/ihcv2vhms3k4dsxgzdnkbazyw2wb04si-go-1.25.4.drv",
      "description": "Go Programming language",
      "install_id": "go",
      "license": "BSD-3-Clause",
      "locked_url": "https://github.com/flox/nixpkgs?rev=2fbfb1d73d239d2402a8fe03963e37aab15abe8b",
      "name": "go-1.25.4",
      "pname": "go",
      "rev": "2fbfb1d73d239d2402a8fe03963e37aab15abe8b",
      "rev_count": 910362,
      "rev_date": "2025-12-11T16:57:14Z",
      "scrape_date": "2025-12-14T03:01:35.577753Z",
      "stabilities": [
        "unstable"
      ],
      "unfree": false,
      "version": "1.25.4",
      "outputs_to_install": [
        "out"
      ],
      "outputs": {
        "out": "/nix/store/52f5kjcmgmvgrz3rij676b3rjmgg5l5g-go-1.25.4"
      },
      "system": "aarch64-darwin",
      "group": "toplevel",
      "priority": 5
    },
    {
      "attr_path": "go",
      "broken": false,
      "derivation": "/nix/store/y5c641l4b0s1h3axvhl4j3fc5ibv9isx-go-1.25.4.drv",
      "description": "Go Programming language",
      "install_id": "go",
      "license": "BSD-3-Clause",
      "locked_url": "https://github.com/flox/nixpkgs?rev=2fbfb1d73d239d2402a8fe03963e37aab15abe8b",
      "name": "go-1.25.4",
      "pname": "go",
      "rev": "2fbfb1d73d239d2402a8fe03963e37aab15abe8b",
      "rev_count": 910362,
      "rev_date": "2025-12-11T16:57:14Z",
      "scrape_date": "2025-12-14T03:17:17.104194Z",
      "stabilities": [
        "unstable"
      ],
      "unfree": false,
      "version": "1.25.4",
      "outputs_to_install": [
        "out"
      ],
      "outputs": {
        "out": "/nix/store/2ajrlmz1qdpm9k9ankhnp3973wxg1gqs-go-1.25.4"
      },
      "system": "aarch64-linux",
      "group": "toplevel",
      "priority": 5
    },
    {
      "attr_path": "go",
      "broken": false,
      "derivation": "/nix/store/yywb6k9qlnk08gr7jjgc7fm16a468rml-go-1.25.4.drv",
      "description": "Go Programming language",
      "install_id": "go",
      "license": "BSD-3-Clause",
      "locked_url": "https://github.com/flox/nixpkgs?rev=2fbfb1d73d239d2402a8fe03963e37aab15abe8b",
      "name": "go-1.25.4",
      "pname": "go",
      "rev": "2fbfb1d73d239d2402a8fe03963e37aab15abe8b",
      "rev_count": 910362,
      "rev_date": "2025-12-11T16:57:14Z",
      "scrape_date": "2025-12-14T03:34:38.618955Z",
      "stabilities": [
        "unstable"
      ],
      "unfree": false,
      "version": "1.25.4",
      "outputs_to_install": [
        "out"
      ],
      "outputs": {
        "out": "/nix/store/1rqpvp45rl4sr1l0czrlbmv8jqj9sa7r-go-1.25.4"
      },
      "system": "x86_64-darwin",
      "group": "toplevel",
      "priority": 5
    },
    {
      "attr_path": "go",
      "broken": false,
      "derivation": "/nix/store/pz4r62cgjrj1z0x5nxwgcc3lywqpglvf-go-1.25.4.drv",
      "description": "Go Programming language",
      "install_id": "go",
      "license": "BSD-3-Clause",
      "locked_url": "https://github.com/flox/nixpkgs?rev=2fbfb1d73d239d2402a8fe03963e37aab15abe8b",
      "name": "go-1.25.4",
      "pname": "go",
      "rev": "2fbfb1d73d239d2402a8fe03963e37aab15abe8b",
      "rev_count": 910362,
      "rev_date": "2025-12-11T16:57:14Z",
      "scrape_date": "2025-12-14T03:50:23.123816Z",
      "stabilities": [
        "unstable"
      ],
      "unfree": false,
      "version": "1.25.4",
      "outputs_to_install": [
        "out"
      ],
      "outputs": {
        "out": "/nix/store/0a3dyfq09dnkw28ap2i450wjimvdmv6s-go-1.25.4"
      },
      "system": "x86_64-linux",
      "group": "toplevel",
      "priority": 5
    },
    {
      "attr_path": "golangci-lint",
      "broken": false,
      "derivation": "/nix/store/04ymvrwzb3jvmffi3ab9l5q0v5p50h5v-golangci-lint-2.7.2.drv",
      "description": "Fast linters Runner for Go",
      "install_id": "golangci-lint",
      "license": "GPL-3.0-or-later",
      "locked_url": "https://github.com/flox/nixpkgs?rev=2fbfb1d73d239d2402a8fe03963e37aab15abe8b",
      "name": "golangci-lint-2.7.2",
      "pname": "golangci-lint",
      "rev": "2fbfb1d73d239d2402a8fe03963e37aab15abe8b",
      "rev_count": 910362,
      "rev_date": "2025-12-11T16:57:14Z",
      "scrape_date": "2025-12-14T03:01:35.625290Z",
      "stabilities": [
        "unstable"
      ],
      "unfree": false,
      "version": "2.7.2",
      "outputs_to_install": [
        "out"
      ],
      "outputs": {
        "out": "/nix/store/q3a6xszcxa3rcaq2xa5hli5ynsw9p2xj-golangci-lint-2.7.2"
      },
      "system": "aarch64-darwin",
      "group": "toplevel",
      "priority": 5
    },
    {
      "attr_path": "golangci-lint",
      "broken": false,
      "derivation": "/nix/store/ryppl93m5qvlc342j4bpzvqvpa20migp-golangci-lint-2.7.2.drv",
      "description": "Fast linters Runner for Go",
      "install_id": "golangci-lint",
      "license": "GPL-3.0-or-later",
      "locked_url": "https://github.com/flox/nixpkgs?rev=2fbfb1d73d239d2402a8fe03963e37aab15abe8b",
      "name": "golangci-lint-2.7.2",
      "pname": "golangci-lint",
      "rev": "2fbfb1d73d239d2402a8fe03963e37aab15abe8b",
      "rev_count": 910362,
      "rev_date": "2025-12-11T16:57:14Z",
      "scrape_date": "2025-12-14T03:17:17.250471Z",
      "stabilities": [
        "unstable"
      ],
      "unfree": false,
      "version": "2.7.2",
      "outputs_to_install": [
        "out"
      ],
      "outputs": {
        "out": "/nix/store/26ckbfx1m91f1ix7x1v8zckvnccvf03g-golangci-lint-2.7.2"
      },
      "system": "aarch64-linux",
      "group": "toplevel",
      "priority": 5
    },
    {
      "attr_path": "golangci-lint",
      "broken": false,
      "derivation": "/nix/store/gdb2sk40r1d2l0l5d7piq2131l89n6hi-golangci-lint-2.7.2.drv",
      "description": "Fast linters Runner for Go",
      "install_id": "golangci-lint",
      "license": "GPL-3.0-or-later",
      "locked_url": "https://github.com/flox/nixpkgs?rev=2fbfb1d73d239d2402a8fe03963e37aab15abe8b",
      "name": "golangci-lint-2.7.2",
      "pname": "golangci-lint",
      "rev": "2fbfb1d73d239d2402a8fe03963e37aab15abe8b",
      "rev_count": 910362,
      "rev_date": "2025-12-11T16:57:14Z",
      "scrape_date": "2025-12-14T03:34:38.668520Z",
      "stabilities": [
        "unstable"
      ],
      "unfree": false,
      "version": "2.7.2",
      "outputs_to_install": [
        "out"
      ],
      "outputs": {
        "out": "/nix/store/4ngz15pamb1mvbgk8vqsdc7am0sm3nfl-golangci-lint-2.7.2"
      },
      "system": "x86_64-darwin",
      "group": "toplevel",
      "priority": 5
    },
    {
      "attr_path": "golangci-lint",
      "broken": false,
      "derivation": "/nix/store/l11q4k4my9hr0xs745j24yz5s96b04cv-golangci-lint-2.7.2.drv",
      "description": "Fast linters Runner for Go",
      "install_id": "golangci-lint",
      "license": "GPL-3.0-or-later",
      "locked_url": "https://github.com/flox/nixpkgs?rev=2fbfb1d73d239d2402a8fe03963e37aab15abe8b",
      "name": "golangci-lint-2.7.2",
      "pname": "golangci-lint",
      "rev": "2fbfb1d73d239d2402a8fe03963e37aab15abe8b",
      "rev_count": 910362,
      "rev_date": "2025-12-11T16:57:14Z",
      "scrape_date": "2025-12-14T03:50:23.213261Z",
      "stabilities": [
        "unstable"
      ],
      "unfree": false,
      "version": "2.7.2",
      "outputs_to_install": [
        "out"
      ],
      "outputs": {
        "out": "/nix/store/20pjxaqyh10abjhc0by39q7rv3frmx1j-golangci-lint-2.7.2"
      },
      "system": "x86_64-linux",
      "group": "toplevel",
      "priority": 5
    },
    {
      "attr_path": "markdownlint-cli2",
      "broken": false,
      "derivation": "/nix/store/h2693z2kinaj5gbpz9l4jmpg6mb13ans-markdownlint-cli2-0.18.1.drv",
      "description": "Fast, flexible, configuration-based command-line interface for linting Markdown/CommonMark files with the markdownlint library",
      "install_id": "markdownlint-cli2",
      "license": "MIT",
      "locked_url": "https://github.com/flox/nixpkgs?rev=2fbfb1d73d239d2402a8fe03963e37aab15abe8b",
      "name": "markdownlint-cli2-0.18.1",
      "pname": "markdownlint-cli2",
      "rev": "2fbfb1d73d239d2402a8fe03963e37aab15abe8b",
      "rev_count": 910362,
      "rev_date": "2025-12-11T16:57:14Z",
      "scrape_date": "2025-12-14T03:01:53.992476Z",
      "stabilities": [
        "unstable"
      ],
      "unfree": false,
      "version": "0.18.1",
      "outputs_to_install": [
        "out"
      ],
      "outputs": {
        "out": "/nix/store/7siafnyzrfq6ki0qwa79h0c7g0h9xkkx-markdownlint-cli2-0.18.1"
      },
      "system": "aarch64-darwin",
      "group": "toplevel",
      "priority": 5
    },
    {
      "attr_path": "markdownlint-cli2",
      "broken": false,
      "derivation": "/nix/store/bvyax6rvs7v7dvk453bcqnrsckin2v9j-markdownlint-cli2-0.18.1.drv",
      "description": "Fast, flexible, configuration-based command-line interface for linting Markdown/CommonMark files with the markdownlint library",
      "install_id": "markdownlint-cli2",
      "license": "MIT",
      "locked_url": "https://github.com/flox/nixpkgs?rev=2fbfb1d73d239d2402a8fe03963e37aab15abe8b",
      "name": "markdownlint-cli2-0.18.1",
      "pname": "markdownlint-cli2",
      "rev": "2fbfb1d73d239d2402a8fe03963e37aab15abe8b",
      "rev_count": 910362,
      "rev_date": "2025-12-11T16:57:14Z",
      "scrape_date": "2025-12-14T03:17:59.514815Z",
      "stabilities": [
        "unstable"
      ],
      "unfree": false,
      "version": "0.18.1",
      "outputs_to_install": [
        "out"
      ],
      "outputs": {
        "out": "/nix/store/yg2gmljd4bzd7qsbxkxp5gmz9lli6jg9-markdownlint-cli2-0.18.1"
      },
      "system": "aarch64-linux",
      "group": "toplevel",
      "priority": 5
    },
    {
      "attr_path": "markdownlint-cli2",
      "broken": false,
      "derivation": "/nix/store/xw09dsqnna3ny61h37vrjsyq1g0d97mv-markdownlint-cli2-0.18.1.drv",
      "description": "Fast, flexible, configuration-based command-line interface for linting Markdown/CommonMark files with the markdownlint library",
      "install_id": "markdownlint-cli2",
      "license": "MIT",
      "locked_url": "https://github.com/flox/nixpkgs?rev=2fbfb1d73d239d2402a8fe03963e37aab15abe8b",
      "name": "markdownlint-cli2-0.18.1",
      "pname": "markdownlint-cli2",
      "rev": "2fbfb1d73d239d2402a8fe03963e37aab15abe8b",
      "rev_count": 910362,
      "rev_date": "2025-12-11T16:57:14Z",
      "scrape_date": "2025-12-14T03:34:56.941595Z",
      "stabilities": [
        "unstable"
      ],
      "unfree": false,
      "version": "0.18.1",
      "outputs_to_install": [
        "out"
      ],
      "outputs": {
        "out": "/nix/store/q7h437plnm4phq9v4fj79flkrfwii42i-markdownlint-cli2-0.18.1"
      },
      "system": "x86_64-darwin",
      "group": "toplevel",
      "priority": 5
    },
    {
      "attr_path": "markdownlint-cli2",
      "broken": false,
      "derivation": "/nix/store/v7vmicg5wg1n95gjqsg2h4wpddrphpij-markdownlint-cli2-0.18.1.drv",
      "description": "Fast, flexible, configuration-based command-line interface for linting Markdown/CommonMark files with the markdownlint library",
      "install_id": "markdownlint-cli2",
      "license": "MIT",
      "locked_url": "https://github.com/flox/nixpkgs?rev=2fbfb1d73d239d2402a8fe03963e37aab15abe8b",
      "name": "markdownlint-cli2-0.18.1",
      "pname": "markdownlint-cli2",
      "rev": "2fbfb1d73d239d2402a8fe03963e37aab15abe8b",
      "rev_count": 910362,
      "rev_date": "2025-12-11T16:57:14Z",
      "scrape_date": "2025-12-14T03:50:55.624878Z",
      "stabilities": [
        "unstable"
      ],
      "unfree": false,
      "version": "0.18.1",
      "outputs_to_install": [
        "out"
      ],
      "outputs": {
        "out": "/nix/store/jyfhkhv3ij5lnx1sbjhfcizcz76lbbmd-markdownlint-cli2-0.18.1"
      },
      "system": "x86_64-linux",
      "group": "toplevel",
      "priority": 5
    },
    {
      "attr_path": "mockgen",
      "broken": false,
      "derivation": "/nix/store/h1rba98428s4gbv0hfpcy53qa1ggm994-mockgen-0.6.0.drv",
      "description": "Mocking framework for the Go programming language",
      "install_id": "mockgen",
      "license": "Apache-2.0",
      "locked_url": "https://github.com/flox/nixpkgs?rev=2fbfb1d73d239d2402a8fe03963e37aab15abe8b",
      "name": "mockgen-0.6.0",
      "pname": "mockgen",
      "rev": "2fbfb1d73d239d2402a8fe03963e37aab15abe8b",
      "rev_count": 910362,
      "rev_date": "2025-12-11T16:57:14Z",
      "scrape_date": "2025-12-14T03:01:54.634190Z",
      "stabilities": [
        "unstable"
      ],
      "unfree": false,
      "version": "0.6.0",
      "outputs_to_install": [
        "out"
      ],
      "outputs": {
        "out": "/nix/store/3gnz0jdb78w2m0ps8i27hay62wbb3dsc-mockgen-0.6.0"
      },
      "system": "aarch64-darwin",
      "group": "toplevel",
      "priority": 5
    },
    {
      "attr_path": "mockgen",
      "broken": false,
      "derivation": "/nix/store/dlcrm2i2klgm7wz5myms45nl7xfggy6f-mockgen-0.6.0.drv",
      "description": "Mocking framework for the Go programming language",
      "install_id": "mockgen",
      "license": "Apache-2.0",
      "locked_url": "https://github.com/flox/nixpkgs?rev=2fbfb1d73d239d2402a8fe03963e37aab15abe8b",
      "name": "mockgen-0.6.0",
      "pname": "mockgen",
      "rev": "2fbfb1d73d239d2402a8fe03963e37aab15abe8b",
      "rev_count": 910362,
      "rev_date": "2025-12-11T16:57:14Z",
      "scrape_date": "2025-12-14T03:18:01.223340Z",
      "stabilities": [
        "unstable"
      ],
      "unfree": false,
      "version": "0.6.0",
      "outputs_to_install": [
        "out"
      ],
      "outputs": {
        "out": "/nix/store/2lbaspgkv59y2ah42r25nqp6q9kbldsc-mockgen-0.6.0"
      },
      "system": "aarch64-linux",
      "group": "toplevel",
      "priority": 5
    },
    {
      "attr_path": "mockgen",
      "broken": false,
      "derivation": "/nix/store/jqidaf0yn39mdw17xagpcmhx8pzr46f8-mockgen-0.6.0.drv",
      "description": "Mocking framework for the Go programming language",
      "install_id": "mockgen",
      "license": "Apache-2.0",
      "locked_url": "https://github.com/flox/nixpkgs?rev=2fbfb1d73d239d2402a8fe03963e37aab15abe8b",
      "name": "mockgen-0.6.0",
      "pname": "mockgen",
      "rev": "2fbfb1d73d239d2402a8fe03963e37aab15abe8b",
      "rev_count": 910362,
      "rev_date": "2025-12-11T16:57:14Z",
      "scrape_date": "2025-12-14T03:34:57.560046Z",
      "stabilities": [
        "unstable"
      ],
      "unfree": false,
      "version": "0.6.0",
      "outputs_to_install": [
        "out"
      ],
      "outputs": {
        "out": "/nix/store/q56y5f2ydksa1b9r7692avn8r3wfmhlg-mockgen-0.6.0"
      },
      "system": "x86_64-darwin",
      "group": "toplevel",
      "priority": 5
    },
    {
      "attr_path": "mockgen",
      "broken": false,
      "derivation": "/nix/store/3pngnafxnfsa8xnn8ambl2w3mk5xcbcz-mockgen-0.6.0.drv",
      "description": "Mocking framework for the Go programming language",
      "install_id": "mockgen",
      "license": "Apache-2.0",
      "locked_url": "https://github.com/flox/nixpkgs?rev=2fbfb1d73d239d2402a8fe03963e37aab15abe8b",
      "name": "mockgen-0.6.0",
      "pname": "mockgen",
      "rev": "2fbfb1d73d239d2402a8fe03963e37aab15abe8b",
      "rev_count": 910362,
      "rev_date": "2025-12-11T16:57:14Z",
      "scrape_date": "2025-12-14T03:50:56.921777Z",
      "stabilities": [
        "unstable"
      ],
      "unfree": false,
      "version": "0.6.0",
      "outputs_to_install": [
        "out"
      ],
      "outputs": {
        "out": "/nix/store/hm9i9iv2brr3gw5m4lwxy8cx2lm57ncw-mockgen-0.6.0"
      },
      "system": "x86_64-linux",
      "group": "toplevel",
      "priority": 5
    },
    {
      "attr_path": "prettier",
      "broken": false,
      "derivation": "/nix/store/2ly73pis45cvp19nnq0kbw3l63g930m8-prettier-3.6.2.drv",
      "description": "Code formatter",
      "install_id": "prettier",
      "license": "MIT",
      "locked_url": "https://github.com/flox/nixpkgs?rev=2fbfb1d73d239d2402a8fe03963e37aab15abe8b",
      "name": "prettier-3.6.2",
      "pname": "prettier",
      "rev": "2fbfb1d73d239d2402a8fe03963e37aab15abe8b",
      "rev_count": 910362,
      "rev_date": "2025-12-11T16:57:14Z",
      "scrape_date": "2025-12-14T03:02:13.074128Z",
      "stabilities": [
        "unstable"
      ],
      "unfree": false,
      "version": "3.6.2",
      "outputs_to_install": [
        "out"
      ],
      "outputs": {
        "out": "/nix/store/dfcvpnr7kwwsp979lhnd7wwnkgvpwpdc-prettier-3.6.2"
      },
      "system": "aarch64-darwin",
      "group": "toplevel",
      "priority": 5
    },
    {
      "attr_path": "prettier",
      "broken": false,
      "derivation": "/nix/store/d6wvvb6ahj51dsrnfdwa20w6dv69vh6r-prettier-3.6.2.drv",
      "description": "Code formatter",
      "install_id": "prettier",
      "license": "MIT",
      "locked_url": "https://github.com/flox/nixpkgs?rev=2fbfb1d73d239d2402a8fe03963e37aab15abe8b",
      "name": "prettier-3.6.2",
      "pname": "prettier",
      "rev": "2fbfb1d73d239d2402a8fe03963e37aab15abe8b",
      "rev_count": 910362,
      "rev_date": "2025-12-11T16:57:14Z",
      "scrape_date": "2025-12-14T03:18:36.825903Z",
      "stabilities": [
        "unstable"
      ],
      "unfree": false,
      "version": "3.6.2",
      "outputs_to_install": [
        "out"
      ],
      "outputs": {
        "out": "/nix/store/6jq20bylhhsgvfg8cpla0n1sfipn5fjr-prettier-3.6.2"
      },
      "system": "aarch64-linux",
      "group": "toplevel",
      "priority": 5
    },
    {
      "attr_path": "prettier",
      "broken": false,
      "derivation": "/nix/store/0gbgjarphbn16s0ipqav2807r50mdanr-prettier-3.6.2.drv",
      "description": "Code formatter",
      "install_id": "prettier",
      "license": "MIT",
      "locked_url": "https://github.com/flox/nixpkgs?rev=2fbfb1d73d239d2402a8fe03963e37aab15abe8b",
      "name": "prettier-3.6.2",
      "pname": "prettier",
      "rev": "2fbfb1d73d239d2402a8fe03963e37aab15abe8b",
      "rev_count": 910362,
      "rev_date": "2025-12-11T16:57:14Z",
      "scrape_date": "2025-12-14T03:35:14.796244Z",
      "stabilities": [
        "unstable"
      ],
      "unfree": false,
      "version": "3.6.2",
      "outputs_to_install": [
        "out"
      ],
      "outputs": {
        "out": "/nix/store/gx0ky8rlym7wpqil80l7vxprr4y8vr2g-prettier-3.6.2"
      },
      "system": "x86_64-darwin",
      "group": "toplevel",
      "priority": 5
    },
    {
      "attr_path": "prettier",
      "broken": false,
      "derivation": "/nix/store/4ddi1qx75fwz1na4089lq41pspwg2qhz-prettier-3.6.2.drv",
      "description": "Code formatter",
      "install_id": "prettier",
      "license": "MIT",
      "locked_url": "https://github.com/flox/nixpkgs?rev=2fbfb1d73d239d2402a8fe03963e37aab15abe8b",
      "name": "prettier-3.6.2",
      "pname": "prettier",
      "rev": "2fbfb1d73d239d2402a8fe03963e37aab15abe8b",
      "rev_count": 910362,
      "rev_date": "2025-12-11T16:57:14Z",
      "scrape_date": "2025-12-14T03:51:21.503030Z",
      "stabilities": [
        "unstable"
      ],
      "unfree": false,
      "version": "3.6.2",
      "outputs_to_install": [
        "out"
      ],
      "outputs": {
        "out": "/nix/store/6fcbrdsms2icrx5n840sslqd6nl7zfb7-prettier-3.6.2"
      },
      "system": "x86_64-linux",
      "group": "toplevel",
      "priority": 5
    }
  ]
}
